// !$*UTF8*$!
{
	archiveVersion = 1;
	classes = {
	};
	objectVersion = 55;
	objects = {

/* Begin PBXBuildFile section */
		AF48D29628EFA3850004599F /* UserLocationViewModel.swift in Sources */ = {isa = PBXBuildFile; fileRef = AF48D29528EFA3850004599F /* UserLocationViewModel.swift */; };
		AF48D2A228EFBEB30004599F /* BusLocationViewModel.swift in Sources */ = {isa = PBXBuildFile; fileRef = AF48D2A128EFBEB30004599F /* BusLocationViewModel.swift */; };
		AF48D2A528EFBEEE0004599F /* Bus.swift in Sources */ = {isa = PBXBuildFile; fileRef = AF48D2A428EFBEEE0004599F /* Bus.swift */; };
		AF6C54FA28EE2C7D005EEE2B /* BuZApp.swift in Sources */ = {isa = PBXBuildFile; fileRef = AF6C54F928EE2C7D005EEE2B /* BuZApp.swift */; };
		AF6C54FC28EE2C7D005EEE2B /* ContentView.swift in Sources */ = {isa = PBXBuildFile; fileRef = AF6C54FB28EE2C7D005EEE2B /* ContentView.swift */; };
		AF6C54FE28EE2C80005EEE2B /* Assets.xcassets in Resources */ = {isa = PBXBuildFile; fileRef = AF6C54FD28EE2C80005EEE2B /* Assets.xcassets */; };
		AF6C550128EE2C80005EEE2B /* Preview Assets.xcassets in Resources */ = {isa = PBXBuildFile; fileRef = AF6C550028EE2C80005EEE2B /* Preview Assets.xcassets */; };
		E5DA0E4928F6142500D99780 /* MenuView.swift in Sources */ = {isa = PBXBuildFile; fileRef = E5DA0E4828F6142500D99780 /* MenuView.swift */; };
		E5DA0E5528F615AA00D99780 /* Pra onde vc vai.swift in Sources */ = {isa = PBXBuildFile; fileRef = E5DA0E5428F615AA00D99780 /* Pra onde vc vai.swift */; };
		E5DA0E5628F615AA00D99780 /* ConfirmarOnibus.swift in Sources */ = {isa = PBXBuildFile; fileRef = E5DA0E4F28F615AA00D99780 /* ConfirmarOnibus.swift */; };
		E5DA0E5728F615AA00D99780 /* Aguarde.swift in Sources */ = {isa = PBXBuildFile; fileRef = E5DA0E5228F615AA00D99780 /* Aguarde.swift */; };
		E5DA0E5828F615AA00D99780 /* MelhorTrajeto.swift in Sources */ = {isa = PBXBuildFile; fileRef = E5DA0E5328F615AA00D99780 /* MelhorTrajeto.swift */; };
		E5DA0E5928F615AA00D99780 /* Tela6.swift in Sources */ = {isa = PBXBuildFile; fileRef = E5DA0E4B28F615A900D99780 /* Tela6.swift */; };
		E5DA0E5A28F615AA00D99780 /* Tela8.swift in Sources */ = {isa = PBXBuildFile; fileRef = E5DA0E4C28F615AA00D99780 /* Tela8.swift */; };
		E5DA0E5B28F615AA00D99780 /* Tela7.swift in Sources */ = {isa = PBXBuildFile; fileRef = E5DA0E5028F615AA00D99780 /* Tela7.swift */; };
		E5DA0E5C28F615AA00D99780 /* Todas as opções.swift in Sources */ = {isa = PBXBuildFile; fileRef = E5DA0E4D28F615AA00D99780 /* Todas as opções.swift */; };
		E5DA0E5D28F615AA00D99780 /* Proximo.swift in Sources */ = {isa = PBXBuildFile; fileRef = E5DA0E4E28F615AA00D99780 /* Proximo.swift */; };
		E5DA0E5E28F615AA00D99780 /* BuscaOnibus.swift in Sources */ = {isa = PBXBuildFile; fileRef = E5DA0E5128F615AA00D99780 /* BuscaOnibus.swift */; };
/* End PBXBuildFile section */

/* Begin PBXFileReference section */
		AF48D29528EFA3850004599F /* UserLocationViewModel.swift */ = {isa = PBXFileReference; lastKnownFileType = sourcecode.swift; path = UserLocationViewModel.swift; sourceTree = "<group>"; };
		AF48D2A128EFBEB30004599F /* BusLocationViewModel.swift */ = {isa = PBXFileReference; lastKnownFileType = sourcecode.swift; path = BusLocationViewModel.swift; sourceTree = "<group>"; };
		AF48D2A428EFBEEE0004599F /* Bus.swift */ = {isa = PBXFileReference; lastKnownFileType = sourcecode.swift; path = Bus.swift; sourceTree = "<group>"; };
		AF6C54F628EE2C7D005EEE2B /* BuZ.app */ = {isa = PBXFileReference; explicitFileType = wrapper.application; includeInIndex = 0; path = BuZ.app; sourceTree = BUILT_PRODUCTS_DIR; };
		AF6C54F928EE2C7D005EEE2B /* BuZApp.swift */ = {isa = PBXFileReference; lastKnownFileType = sourcecode.swift; path = BuZApp.swift; sourceTree = "<group>"; };
		AF6C54FB28EE2C7D005EEE2B /* ContentView.swift */ = {isa = PBXFileReference; lastKnownFileType = sourcecode.swift; path = ContentView.swift; sourceTree = "<group>"; };
		AF6C54FD28EE2C80005EEE2B /* Assets.xcassets */ = {isa = PBXFileReference; lastKnownFileType = folder.assetcatalog; path = Assets.xcassets; sourceTree = "<group>"; };
		AF6C550028EE2C80005EEE2B /* Preview Assets.xcassets */ = {isa = PBXFileReference; lastKnownFileType = folder.assetcatalog; path = "Preview Assets.xcassets"; sourceTree = "<group>"; };
		E5DA0E4828F6142500D99780 /* MenuView.swift */ = {isa = PBXFileReference; lastKnownFileType = sourcecode.swift; path = MenuView.swift; sourceTree = "<group>"; };
		E5DA0E4B28F615A900D99780 /* Tela6.swift */ = {isa = PBXFileReference; lastKnownFileType = sourcecode.swift; path = Tela6.swift; sourceTree = "<group>"; };
		E5DA0E4C28F615AA00D99780 /* Tela8.swift */ = {isa = PBXFileReference; lastKnownFileType = sourcecode.swift; path = Tela8.swift; sourceTree = "<group>"; };
		E5DA0E4D28F615AA00D99780 /* Todas as opções.swift */ = {isa = PBXFileReference; lastKnownFileType = sourcecode.swift; path = "Todas as opções.swift"; sourceTree = "<group>"; };
		E5DA0E4E28F615AA00D99780 /* Proximo.swift */ = {isa = PBXFileReference; lastKnownFileType = sourcecode.swift; path = Proximo.swift; sourceTree = "<group>"; };
		E5DA0E4F28F615AA00D99780 /* ConfirmarOnibus.swift */ = {isa = PBXFileReference; lastKnownFileType = sourcecode.swift; path = ConfirmarOnibus.swift; sourceTree = "<group>"; };
		E5DA0E5028F615AA00D99780 /* Tela7.swift */ = {isa = PBXFileReference; lastKnownFileType = sourcecode.swift; path = Tela7.swift; sourceTree = "<group>"; };
		E5DA0E5128F615AA00D99780 /* BuscaOnibus.swift */ = {isa = PBXFileReference; lastKnownFileType = sourcecode.swift; path = BuscaOnibus.swift; sourceTree = "<group>"; };
		E5DA0E5228F615AA00D99780 /* Aguarde.swift */ = {isa = PBXFileReference; lastKnownFileType = sourcecode.swift; path = Aguarde.swift; sourceTree = "<group>"; };
		E5DA0E5328F615AA00D99780 /* MelhorTrajeto.swift */ = {isa = PBXFileReference; lastKnownFileType = sourcecode.swift; path = MelhorTrajeto.swift; sourceTree = "<group>"; };
		E5DA0E5428F615AA00D99780 /* Pra onde vc vai.swift */ = {isa = PBXFileReference; lastKnownFileType = sourcecode.swift; path = "Pra onde vc vai.swift"; sourceTree = "<group>"; };
/* End PBXFileReference section */

/* Begin PBXFrameworksBuildPhase section */
		AF6C54F328EE2C7D005EEE2B /* Frameworks */ = {
			isa = PBXFrameworksBuildPhase;
			buildActionMask = 2147483647;
			files = (
			);
			runOnlyForDeploymentPostprocessing = 0;
		};
/* End PBXFrameworksBuildPhase section */

/* Begin PBXGroup section */
		AF48D2A328EFBEE10004599F /* ViewModel */ = {
			isa = PBXGroup;
			children = (
				AF48D29528EFA3850004599F /* UserLocationViewModel.swift */,
				AF48D2A128EFBEB30004599F /* BusLocationViewModel.swift */,
			);
			path = ViewModel;
			sourceTree = "<group>";
		};
		AF48D2A628EFBEF60004599F /* Model */ = {
			isa = PBXGroup;
			children = (
				AF48D2A428EFBEEE0004599F /* Bus.swift */,
			);
			path = Model;
			sourceTree = "<group>";
		};
		AF6C54ED28EE2C7D005EEE2B = {
			isa = PBXGroup;
			children = (
				AF6C54F828EE2C7D005EEE2B /* BuZ */,
				AF6C54F728EE2C7D005EEE2B /* Products */,
			);
			sourceTree = "<group>";
		};
		AF6C54F728EE2C7D005EEE2B /* Products */ = {
			isa = PBXGroup;
			children = (
				AF6C54F628EE2C7D005EEE2B /* BuZ.app */,
			);
			name = Products;
			sourceTree = "<group>";
		};
		AF6C54F828EE2C7D005EEE2B /* BuZ */ = {
			isa = PBXGroup;
			children = (
				AF6C54F928EE2C7D005EEE2B /* BuZApp.swift */,
				AF6C54FB28EE2C7D005EEE2B /* ContentView.swift */,
				E5DA0E4A28F6158800D99780 /* ViewJoana */,
				AF48D2A328EFBEE10004599F /* ViewModel */,
				AF48D2A628EFBEF60004599F /* Model */,
				AF6C54FD28EE2C80005EEE2B /* Assets.xcassets */,
				AF6C54FF28EE2C80005EEE2B /* Preview Content */,
			);
			path = BuZ;
			sourceTree = "<group>";
		};
		AF6C54FF28EE2C80005EEE2B /* Preview Content */ = {
			isa = PBXGroup;
			children = (
				AF6C550028EE2C80005EEE2B /* Preview Assets.xcassets */,
			);
			path = "Preview Content";
			sourceTree = "<group>";
		};
		E5DA0E4A28F6158800D99780 /* ViewJoana */ = {
			isa = PBXGroup;
			children = (
				E5DA0E4828F6142500D99780 /* MenuView.swift */,
				E5DA0E5228F615AA00D99780 /* Aguarde.swift */,
				E5DA0E5128F615AA00D99780 /* BuscaOnibus.swift */,
				E5DA0E4F28F615AA00D99780 /* ConfirmarOnibus.swift */,
				E5DA0E5328F615AA00D99780 /* MelhorTrajeto.swift */,
				E5DA0E5428F615AA00D99780 /* Pra onde vc vai.swift */,
				E5DA0E4E28F615AA00D99780 /* Proximo.swift */,
				E5DA0E4B28F615A900D99780 /* Tela6.swift */,
				E5DA0E5028F615AA00D99780 /* Tela7.swift */,
				E5DA0E4C28F615AA00D99780 /* Tela8.swift */,
				E5DA0E4D28F615AA00D99780 /* Todas as opções.swift */,
			);
			path = ViewJoana;
			sourceTree = "<group>";
		};
/* End PBXGroup section */

/* Begin PBXNativeTarget section */
		AF6C54F528EE2C7D005EEE2B /* BuZ */ = {
			isa = PBXNativeTarget;
			buildConfigurationList = AF6C550428EE2C80005EEE2B /* Build configuration list for PBXNativeTarget "BuZ" */;
			buildPhases = (
				AF6C54F228EE2C7D005EEE2B /* Sources */,
				AF6C54F328EE2C7D005EEE2B /* Frameworks */,
				AF6C54F428EE2C7D005EEE2B /* Resources */,
			);
			buildRules = (
			);
			dependencies = (
			);
			name = BuZ;
			productName = BuZ;
			productReference = AF6C54F628EE2C7D005EEE2B /* BuZ.app */;
			productType = "com.apple.product-type.application";
		};
/* End PBXNativeTarget section */

/* Begin PBXProject section */
		AF6C54EE28EE2C7D005EEE2B /* Project object */ = {
			isa = PBXProject;
			attributes = {
				BuildIndependentTargetsInParallel = 1;
				LastSwiftUpdateCheck = 1340;
				LastUpgradeCheck = 1340;
				TargetAttributes = {
					AF6C54F528EE2C7D005EEE2B = {
						CreatedOnToolsVersion = 13.4.1;
					};
				};
			};
			buildConfigurationList = AF6C54F128EE2C7D005EEE2B /* Build configuration list for PBXProject "BuZ" */;
			compatibilityVersion = "Xcode 13.0";
			developmentRegion = en;
			hasScannedForEncodings = 0;
			knownRegions = (
				en,
				Base,
			);
			mainGroup = AF6C54ED28EE2C7D005EEE2B;
			productRefGroup = AF6C54F728EE2C7D005EEE2B /* Products */;
			projectDirPath = "";
			projectRoot = "";
			targets = (
				AF6C54F528EE2C7D005EEE2B /* BuZ */,
			);
		};
/* End PBXProject section */

/* Begin PBXResourcesBuildPhase section */
		AF6C54F428EE2C7D005EEE2B /* Resources */ = {
			isa = PBXResourcesBuildPhase;
			buildActionMask = 2147483647;
			files = (
				AF6C550128EE2C80005EEE2B /* Preview Assets.xcassets in Resources */,
				AF6C54FE28EE2C80005EEE2B /* Assets.xcassets in Resources */,
			);
			runOnlyForDeploymentPostprocessing = 0;
		};
/* End PBXResourcesBuildPhase section */

/* Begin PBXSourcesBuildPhase section */
		AF6C54F228EE2C7D005EEE2B /* Sources */ = {
			isa = PBXSourcesBuildPhase;
			buildActionMask = 2147483647;
			files = (
				E5DA0E5528F615AA00D99780 /* Pra onde vc vai.swift in Sources */,
				E5DA0E5628F615AA00D99780 /* ConfirmarOnibus.swift in Sources */,
				E5DA0E5C28F615AA00D99780 /* Todas as opções.swift in Sources */,
				E5DA0E4928F6142500D99780 /* MenuView.swift in Sources */,
				AF48D2A528EFBEEE0004599F /* Bus.swift in Sources */,
				E5DA0E5B28F615AA00D99780 /* Tela7.swift in Sources */,
				E5DA0E5A28F615AA00D99780 /* Tela8.swift in Sources */,
				E5DA0E5828F615AA00D99780 /* MelhorTrajeto.swift in Sources */,
				AF48D29628EFA3850004599F /* UserLocationViewModel.swift in Sources */,
				E5DA0E5928F615AA00D99780 /* Tela6.swift in Sources */,
				E5DA0E5E28F615AA00D99780 /* BuscaOnibus.swift in Sources */,
				AF6C54FC28EE2C7D005EEE2B /* ContentView.swift in Sources */,
				E5DA0E5728F615AA00D99780 /* Aguarde.swift in Sources */,
				AF48D2A228EFBEB30004599F /* BusLocationViewModel.swift in Sources */,
				AF6C54FA28EE2C7D005EEE2B /* BuZApp.swift in Sources */,
				E5DA0E5D28F615AA00D99780 /* Proximo.swift in Sources */,
			);
			runOnlyForDeploymentPostprocessing = 0;
		};
/* End PBXSourcesBuildPhase section */

/* Begin XCBuildConfiguration section */
		AF6C550228EE2C80005EEE2B /* Debug */ = {
			isa = XCBuildConfiguration;
			buildSettings = {
				ALWAYS_SEARCH_USER_PATHS = NO;
				CLANG_ANALYZER_NONNULL = YES;
				CLANG_ANALYZER_NUMBER_OBJECT_CONVERSION = YES_AGGRESSIVE;
				CLANG_CXX_LANGUAGE_STANDARD = "gnu++17";
				CLANG_ENABLE_MODULES = YES;
				CLANG_ENABLE_OBJC_ARC = YES;
				CLANG_ENABLE_OBJC_WEAK = YES;
				CLANG_WARN_BLOCK_CAPTURE_AUTORELEASING = YES;
				CLANG_WARN_BOOL_CONVERSION = YES;
				CLANG_WARN_COMMA = YES;
				CLANG_WARN_CONSTANT_CONVERSION = YES;
				CLANG_WARN_DEPRECATED_OBJC_IMPLEMENTATIONS = YES;
				CLANG_WARN_DIRECT_OBJC_ISA_USAGE = YES_ERROR;
				CLANG_WARN_DOCUMENTATION_COMMENTS = YES;
				CLANG_WARN_EMPTY_BODY = YES;
				CLANG_WARN_ENUM_CONVERSION = YES;
				CLANG_WARN_INFINITE_RECURSION = YES;
				CLANG_WARN_INT_CONVERSION = YES;
				CLANG_WARN_NON_LITERAL_NULL_CONVERSION = YES;
				CLANG_WARN_OBJC_IMPLICIT_RETAIN_SELF = YES;
				CLANG_WARN_OBJC_LITERAL_CONVERSION = YES;
				CLANG_WARN_OBJC_ROOT_CLASS = YES_ERROR;
				CLANG_WARN_QUOTED_INCLUDE_IN_FRAMEWORK_HEADER = YES;
				CLANG_WARN_RANGE_LOOP_ANALYSIS = YES;
				CLANG_WARN_STRICT_PROTOTYPES = YES;
				CLANG_WARN_SUSPICIOUS_MOVE = YES;
				CLANG_WARN_UNGUARDED_AVAILABILITY = YES_AGGRESSIVE;
				CLANG_WARN_UNREACHABLE_CODE = YES;
				CLANG_WARN__DUPLICATE_METHOD_MATCH = YES;
				COPY_PHASE_STRIP = NO;
				DEBUG_INFORMATION_FORMAT = dwarf;
				ENABLE_STRICT_OBJC_MSGSEND = YES;
				ENABLE_TESTABILITY = YES;
				GCC_C_LANGUAGE_STANDARD = gnu11;
				GCC_DYNAMIC_NO_PIC = NO;
				GCC_NO_COMMON_BLOCKS = YES;
				GCC_OPTIMIZATION_LEVEL = 0;
				GCC_PREPROCESSOR_DEFINITIONS = (
					"DEBUG=1",
					"$(inherited)",
				);
				GCC_WARN_64_TO_32_BIT_CONVERSION = YES;
				GCC_WARN_ABOUT_RETURN_TYPE = YES_ERROR;
				GCC_WARN_UNDECLARED_SELECTOR = YES;
				GCC_WARN_UNINITIALIZED_AUTOS = YES_AGGRESSIVE;
				GCC_WARN_UNUSED_FUNCTION = YES;
				GCC_WARN_UNUSED_VARIABLE = YES;
				IPHONEOS_DEPLOYMENT_TARGET = 15.5;
				MTL_ENABLE_DEBUG_INFO = INCLUDE_SOURCE;
				MTL_FAST_MATH = YES;
				ONLY_ACTIVE_ARCH = YES;
				SDKROOT = iphoneos;
				SWIFT_ACTIVE_COMPILATION_CONDITIONS = DEBUG;
				SWIFT_OPTIMIZATION_LEVEL = "-Onone";
			};
			name = Debug;
		};
		AF6C550328EE2C80005EEE2B /* Release */ = {
			isa = XCBuildConfiguration;
			buildSettings = {
				ALWAYS_SEARCH_USER_PATHS = NO;
				CLANG_ANALYZER_NONNULL = YES;
				CLANG_ANALYZER_NUMBER_OBJECT_CONVERSION = YES_AGGRESSIVE;
				CLANG_CXX_LANGUAGE_STANDARD = "gnu++17";
				CLANG_ENABLE_MODULES = YES;
				CLANG_ENABLE_OBJC_ARC = YES;
				CLANG_ENABLE_OBJC_WEAK = YES;
				CLANG_WARN_BLOCK_CAPTURE_AUTORELEASING = YES;
				CLANG_WARN_BOOL_CONVERSION = YES;
				CLANG_WARN_COMMA = YES;
				CLANG_WARN_CONSTANT_CONVERSION = YES;
				CLANG_WARN_DEPRECATED_OBJC_IMPLEMENTATIONS = YES;
				CLANG_WARN_DIRECT_OBJC_ISA_USAGE = YES_ERROR;
				CLANG_WARN_DOCUMENTATION_COMMENTS = YES;
				CLANG_WARN_EMPTY_BODY = YES;
				CLANG_WARN_ENUM_CONVERSION = YES;
				CLANG_WARN_INFINITE_RECURSION = YES;
				CLANG_WARN_INT_CONVERSION = YES;
				CLANG_WARN_NON_LITERAL_NULL_CONVERSION = YES;
				CLANG_WARN_OBJC_IMPLICIT_RETAIN_SELF = YES;
				CLANG_WARN_OBJC_LITERAL_CONVERSION = YES;
				CLANG_WARN_OBJC_ROOT_CLASS = YES_ERROR;
				CLANG_WARN_QUOTED_INCLUDE_IN_FRAMEWORK_HEADER = YES;
				CLANG_WARN_RANGE_LOOP_ANALYSIS = YES;
				CLANG_WARN_STRICT_PROTOTYPES = YES;
				CLANG_WARN_SUSPICIOUS_MOVE = YES;
				CLANG_WARN_UNGUARDED_AVAILABILITY = YES_AGGRESSIVE;
				CLANG_WARN_UNREACHABLE_CODE = YES;
				CLANG_WARN__DUPLICATE_METHOD_MATCH = YES;
				COPY_PHASE_STRIP = NO;
				DEBUG_INFORMATION_FORMAT = "dwarf-with-dsym";
				ENABLE_NS_ASSERTIONS = NO;
				ENABLE_STRICT_OBJC_MSGSEND = YES;
				GCC_C_LANGUAGE_STANDARD = gnu11;
				GCC_NO_COMMON_BLOCKS = YES;
				GCC_WARN_64_TO_32_BIT_CONVERSION = YES;
				GCC_WARN_ABOUT_RETURN_TYPE = YES_ERROR;
				GCC_WARN_UNDECLARED_SELECTOR = YES;
				GCC_WARN_UNINITIALIZED_AUTOS = YES_AGGRESSIVE;
				GCC_WARN_UNUSED_FUNCTION = YES;
				GCC_WARN_UNUSED_VARIABLE = YES;
				IPHONEOS_DEPLOYMENT_TARGET = 15.5;
				MTL_ENABLE_DEBUG_INFO = NO;
				MTL_FAST_MATH = YES;
				SDKROOT = iphoneos;
				SWIFT_COMPILATION_MODE = wholemodule;
				SWIFT_OPTIMIZATION_LEVEL = "-O";
				VALIDATE_PRODUCT = YES;
			};
			name = Release;
		};
		AF6C550528EE2C80005EEE2B /* Debug */ = {
			isa = XCBuildConfiguration;
			buildSettings = {
				ASSETCATALOG_COMPILER_APPICON_NAME = AppIcon;
				ASSETCATALOG_COMPILER_GLOBAL_ACCENT_COLOR_NAME = AccentColor;
				CODE_SIGN_STYLE = Automatic;
				CURRENT_PROJECT_VERSION = 1;
				DEVELOPMENT_ASSET_PATHS = "\"BuZ/Preview Content\"";
				DEVELOPMENT_TEAM = NLL69VQWT9;
				ENABLE_PREVIEWS = YES;
				GENERATE_INFOPLIST_FILE = YES;
				INFOPLIST_KEY_NSLocationWhenInUseUsageDescription = "gib loc plz";
				INFOPLIST_KEY_UIApplicationSceneManifest_Generation = YES;
				INFOPLIST_KEY_UIApplicationSupportsIndirectInputEvents = YES;
				INFOPLIST_KEY_UILaunchScreen_Generation = YES;
				INFOPLIST_KEY_UISupportedInterfaceOrientations_iPad = "UIInterfaceOrientationPortrait UIInterfaceOrientationPortraitUpsideDown UIInterfaceOrientationLandscapeLeft UIInterfaceOrientationLandscapeRight";
				INFOPLIST_KEY_UISupportedInterfaceOrientations_iPhone = "UIInterfaceOrientationPortrait UIInterfaceOrientationLandscapeLeft UIInterfaceOrientationLandscapeRight";
				LD_RUNPATH_SEARCH_PATHS = (
					"$(inherited)",
					"@executable_path/Frameworks",
				);
				MARKETING_VERSION = 1.0;
				PRODUCT_BUNDLE_IDENTIFIER = "Apple-Develper-Academy.BuZ";
				PRODUCT_NAME = "$(TARGET_NAME)";
				SWIFT_EMIT_LOC_STRINGS = YES;
				SWIFT_VERSION = 5.0;
				TARGETED_DEVICE_FAMILY = "1,2";
			};
			name = Debug;
		};
		AF6C550628EE2C80005EEE2B /* Release */ = {
			isa = XCBuildConfiguration;
			buildSettings = {
				ASSETCATALOG_COMPILER_APPICON_NAME = AppIcon;
				ASSETCATALOG_COMPILER_GLOBAL_ACCENT_COLOR_NAME = AccentColor;
				CODE_SIGN_STYLE = Automatic;
				CURRENT_PROJECT_VERSION = 1;
				DEVELOPMENT_ASSET_PATHS = "\"BuZ/Preview Content\"";
				DEVELOPMENT_TEAM = NLL69VQWT9;
				ENABLE_PREVIEWS = YES;
				GENERATE_INFOPLIST_FILE = YES;
				INFOPLIST_KEY_NSLocationWhenInUseUsageDescription = "gib loc plz";
				INFOPLIST_KEY_UIApplicationSceneManifest_Generation = YES;
				INFOPLIST_KEY_UIApplicationSupportsIndirectInputEvents = YES;
				INFOPLIST_KEY_UILaunchScreen_Generation = YES;
				INFOPLIST_KEY_UISupportedInterfaceOrientations_iPad = "UIInterfaceOrientationPortrait UIInterfaceOrientationPortraitUpsideDown UIInterfaceOrientationLandscapeLeft UIInterfaceOrientationLandscapeRight";
				INFOPLIST_KEY_UISupportedInterfaceOrientations_iPhone = "UIInterfaceOrientationPortrait UIInterfaceOrientationLandscapeLeft UIInterfaceOrientationLandscapeRight";
				LD_RUNPATH_SEARCH_PATHS = (
					"$(inherited)",
					"@executable_path/Frameworks",
				);
				MARKETING_VERSION = 1.0;
				PRODUCT_BUNDLE_IDENTIFIER = "Apple-Develper-Academy.BuZ";
				PRODUCT_NAME = "$(TARGET_NAME)";
				SWIFT_EMIT_LOC_STRINGS = YES;
				SWIFT_VERSION = 5.0;
				TARGETED_DEVICE_FAMILY = "1,2";
			};
			name = Release;
		};
/* End XCBuildConfiguration section */

/* Begin XCConfigurationList section */
		AF6C54F128EE2C7D005EEE2B /* Build configuration list for PBXProject "BuZ" */ = {
			isa = XCConfigurationList;
			buildConfigurations = (
				AF6C550228EE2C80005EEE2B /* Debug */,
				AF6C550328EE2C80005EEE2B /* Release */,
			);
			defaultConfigurationIsVisible = 0;
			defaultConfigurationName = Release;
		};
		AF6C550428EE2C80005EEE2B /* Build configuration list for PBXNativeTarget "BuZ" */ = {
			isa = XCConfigurationList;
			buildConfigurations = (
				AF6C550528EE2C80005EEE2B /* Debug */,
				AF6C550628EE2C80005EEE2B /* Release */,
			);
			defaultConfigurationIsVisible = 0;
			defaultConfigurationName = Release;
		};
/* End XCConfigurationList section */
	};
	rootObject = AF6C54EE28EE2C7D005EEE2B /* Project object */;
}
